
Microsoft Visual Studio Solution File, Format Version 12.00
# Visual Studio Version 17
VisualStudioVersion = 17.6.33801.468
MinimumVisualStudioVersion = 10.0.40219.1
Project("{FAE04EC0-301F-11D3-BF4B-00C04F79EFBC}") = "ConsoleAppListaNegraSAT", "ConsoleAppListaNegraSAT\ConsoleAppListaNegraSAT.csproj", "{ECCD4125-88B7-49E1-B999-A840DD25DA7B}"
EndProject
Global
	GlobalSection(SolutionConfigurationPlatforms) = preSolution
		Debug|Any CPU = Debug|Any CPU
		Release|Any CPU = Release|Any CPU
	EndGlobalSection
	GlobalSection(ProjectConfigurationPlatforms) = postSolution
		{ECCD4125-88B7-49E1-B999-A840DD25DA7B}.Debug|Any CPU.ActiveCfg = Debug|Any CPU
		{ECCD4125-88B7-49E1-B999-A840DD25DA7B}.Debug|Any CPU.Build.0 = Debug|Any CPU
		{ECCD4125-88B7-49E1-B999-A840DD25DA7B}.Release|Any CPU.ActiveCfg = Release|Any CPU
		{ECCD4125-88B7-49E1-B999-A840DD25DA7B}.Release|Any CPU.Build.0 = Release|Any CPU
	EndGlobalSection
	GlobalSection(SolutionProperties) = preSolution
		HideSolutionNode = FALSE
	EndGlobalSection
	GlobalSection(ExtensibilityGlobals) = postSolution
		SolutionGuid = {098D9F7B-4BBD-46A6-87E6-647176BBC84B}
	EndGlobalSection
EndGlobal
